
Microsoft Visual Studio Solution File, Format Version 12.00
# Visual Studio Version 16
VisualStudioVersion = 16.0.30804.86
MinimumVisualStudioVersion = 10.0.40219.1
Project("{FAE04EC0-301F-11D3-BF4B-00C04F79EFBC}") = "rentalproject", "rentalproject\rentalproject.csproj", "{1183499F-3C46-47EF-BA69-B15412E99774}"
EndProject
Global
	GlobalSection(SolutionConfigurationPlatforms) = preSolution
		Debug|Any CPU = Debug|Any CPU
		Release|Any CPU = Release|Any CPU
	EndGlobalSection
	GlobalSection(ProjectConfigurationPlatforms) = postSolution
		{1183499F-3C46-47EF-BA69-B15412E99774}.Debug|Any CPU.ActiveCfg = Debug|Any CPU
		{1183499F-3C46-47EF-BA69-B15412E99774}.Debug|Any CPU.Build.0 = Debug|Any CPU
		{1183499F-3C46-47EF-BA69-B15412E99774}.Release|Any CPU.ActiveCfg = Release|Any CPU
		{1183499F-3C46-47EF-BA69-B15412E99774}.Release|Any CPU.Build.0 = Release|Any CPU
	EndGlobalSection
	GlobalSection(SolutionProperties) = preSolution
		HideSolutionNode = FALSE
	EndGlobalSection
	GlobalSection(ExtensibilityGlobals) = postSolution
		SolutionGuid = {F0D89344-747A-44C4-93AB-80FBBF4799E6}
	EndGlobalSection
EndGlobal
